
Microsoft Visual Studio Solution File, Format Version 12.00
# Visual Studio Version 16
VisualStudioVersion = 16.0.31321.278
MinimumVisualStudioVersion = 10.0.40219.1
Project("{FAE04EC0-301F-11D3-BF4B-00C04F79EFBC}") = "Operators Submission Assignment", "Operators Submission Assignment.csproj", "{EA3B186C-5FE5-4BBE-84D9-CC2D317A8C26}"
EndProject
Global
	GlobalSection(SolutionConfigurationPlatforms) = preSolution
		Debug|Any CPU = Debug|Any CPU
		Release|Any CPU = Release|Any CPU
	EndGlobalSection
	GlobalSection(ProjectConfigurationPlatforms) = postSolution
		{EA3B186C-5FE5-4BBE-84D9-CC2D317A8C26}.Debug|Any CPU.ActiveCfg = Debug|Any CPU
		{EA3B186C-5FE5-4BBE-84D9-CC2D317A8C26}.Debug|Any CPU.Build.0 = Debug|Any CPU
		{EA3B186C-5FE5-4BBE-84D9-CC2D317A8C26}.Release|Any CPU.ActiveCfg = Release|Any CPU
		{EA3B186C-5FE5-4BBE-84D9-CC2D317A8C26}.Release|Any CPU.Build.0 = Release|Any CPU
	EndGlobalSection
	GlobalSection(SolutionProperties) = preSolution
		HideSolutionNode = FALSE
	EndGlobalSection
	GlobalSection(ExtensibilityGlobals) = postSolution
		SolutionGuid = {F0AEFE97-FCCF-4A98-B76A-C7476E67C3E5}
	EndGlobalSection
EndGlobal
