
Microsoft Visual Studio Solution File, Format Version 12.00
# Visual Studio Version 16
VisualStudioVersion = 16.0.31321.278
MinimumVisualStudioVersion = 10.0.40219.1
Project("{FAE04EC0-301F-11D3-BF4B-00C04F79EFBC}") = "Abstract Class Submission Assignment", "Abstract Class Submission Assignment.csproj", "{1ED1351B-E74E-4D6C-80B7-555F5D22AAF7}"
EndProject
Global
	GlobalSection(SolutionConfigurationPlatforms) = preSolution
		Debug|Any CPU = Debug|Any CPU
		Release|Any CPU = Release|Any CPU
	EndGlobalSection
	GlobalSection(ProjectConfigurationPlatforms) = postSolution
		{1ED1351B-E74E-4D6C-80B7-555F5D22AAF7}.Debug|Any CPU.ActiveCfg = Debug|Any CPU
		{1ED1351B-E74E-4D6C-80B7-555F5D22AAF7}.Debug|Any CPU.Build.0 = Debug|Any CPU
		{1ED1351B-E74E-4D6C-80B7-555F5D22AAF7}.Release|Any CPU.ActiveCfg = Release|Any CPU
		{1ED1351B-E74E-4D6C-80B7-555F5D22AAF7}.Release|Any CPU.Build.0 = Release|Any CPU
	EndGlobalSection
	GlobalSection(SolutionProperties) = preSolution
		HideSolutionNode = FALSE
	EndGlobalSection
	GlobalSection(ExtensibilityGlobals) = postSolution
		SolutionGuid = {57534ECC-93CA-4E2F-ACD3-C17645A2B0AD}
	EndGlobalSection
EndGlobal
