
Microsoft Visual Studio Solution File, Format Version 12.00
# Visual Studio Version 16
VisualStudioVersion = 16.0.31424.327
MinimumVisualStudioVersion = 10.0.40219.1
Project("{FAE04EC0-301F-11D3-BF4B-00C04F79EFBC}") = "Dailyreport2", "Dailyreport2.csproj", "{6489E296-279C-4F00-B09B-B792630950B0}"
EndProject
Global
	GlobalSection(SolutionConfigurationPlatforms) = preSolution
		Debug|Any CPU = Debug|Any CPU
		Release|Any CPU = Release|Any CPU
	EndGlobalSection
	GlobalSection(ProjectConfigurationPlatforms) = postSolution
		{6489E296-279C-4F00-B09B-B792630950B0}.Debug|Any CPU.ActiveCfg = Debug|Any CPU
		{6489E296-279C-4F00-B09B-B792630950B0}.Debug|Any CPU.Build.0 = Debug|Any CPU
		{6489E296-279C-4F00-B09B-B792630950B0}.Release|Any CPU.ActiveCfg = Release|Any CPU
		{6489E296-279C-4F00-B09B-B792630950B0}.Release|Any CPU.Build.0 = Release|Any CPU
	EndGlobalSection
	GlobalSection(SolutionProperties) = preSolution
		HideSolutionNode = FALSE
	EndGlobalSection
	GlobalSection(ExtensibilityGlobals) = postSolution
		SolutionGuid = {CDD2A27A-BDA6-454F-9073-115511C60AD8}
	EndGlobalSection
EndGlobal
